
Microsoft Visual Studio Solution File, Format Version 12.00
# Visual Studio Version 17
VisualStudioVersion = 17.10.34707.107
MinimumVisualStudioVersion = 10.0.40219.1
Project("{2150E333-8FDC-42A3-9474-1A3956D46DE8}") = "src", "src", "{3A3AF48F-66CF-4234-9737-7E075AC97854}"
EndProject
Project("{2150E333-8FDC-42A3-9474-1A3956D46DE8}") = "identity", "identity", "{32F38690-C6FF-4D33-9C7A-84963065240C}"
EndProject
Project("{9A19103F-16F7-4668-BE54-9A1E7A4F7556}") = "Rubik.Identity.Share.Entity", "src\identity\Rubik.Identity.Share.Entity\Rubik.Identity.Share.Entity.csproj", "{EEE985FD-7463-4115-9DEF-90529F6BCDC5}"
EndProject
Project("{9A19103F-16F7-4668-BE54-9A1E7A4F7556}") = "Rubik.Identity.Admin", "src\identity\Rubik.Identity.Admin\Rubik.Identity.Admin.csproj", "{5B1E0205-A685-402D-A9C5-52E51193D870}"
EndProject
Project("{9A19103F-16F7-4668-BE54-9A1E7A4F7556}") = "Rubik.Identity.AuthServer", "src\identity\Rubik.Identity.AuthServer\Rubik.Identity.AuthServer.csproj", "{600364DC-399C-4BBA-B354-34F623F856BC}"
EndProject
Project("{2150E333-8FDC-42A3-9474-1A3956D46DE8}") = "portal", "portal", "{C7B7A5DE-28B4-44F3-A949-1DD271979E61}"
EndProject
Project("{9A19103F-16F7-4668-BE54-9A1E7A4F7556}") = "Rubik.Identity.Share.Extension", "src\identity\Rubik.Identity.Share.Extension\Rubik.Identity.Share.Extension.csproj", "{5C99FD40-844E-4BD0-B1C0-88FFDDC65961}"
EndProject
Global
	GlobalSection(SolutionConfigurationPlatforms) = preSolution
		Debug|Any CPU = Debug|Any CPU
		Release|Any CPU = Release|Any CPU
	EndGlobalSection
	GlobalSection(ProjectConfigurationPlatforms) = postSolution
		{EEE985FD-7463-4115-9DEF-90529F6BCDC5}.Debug|Any CPU.ActiveCfg = Debug|Any CPU
		{EEE985FD-7463-4115-9DEF-90529F6BCDC5}.Debug|Any CPU.Build.0 = Debug|Any CPU
		{EEE985FD-7463-4115-9DEF-90529F6BCDC5}.Release|Any CPU.ActiveCfg = Release|Any CPU
		{EEE985FD-7463-4115-9DEF-90529F6BCDC5}.Release|Any CPU.Build.0 = Release|Any CPU
		{5B1E0205-A685-402D-A9C5-52E51193D870}.Debug|Any CPU.ActiveCfg = Debug|Any CPU
		{5B1E0205-A685-402D-A9C5-52E51193D870}.Debug|Any CPU.Build.0 = Debug|Any CPU
		{5B1E0205-A685-402D-A9C5-52E51193D870}.Release|Any CPU.ActiveCfg = Release|Any CPU
		{5B1E0205-A685-402D-A9C5-52E51193D870}.Release|Any CPU.Build.0 = Release|Any CPU
		{600364DC-399C-4BBA-B354-34F623F856BC}.Debug|Any CPU.ActiveCfg = Debug|Any CPU
		{600364DC-399C-4BBA-B354-34F623F856BC}.Debug|Any CPU.Build.0 = Debug|Any CPU
		{600364DC-399C-4BBA-B354-34F623F856BC}.Release|Any CPU.ActiveCfg = Release|Any CPU
		{600364DC-399C-4BBA-B354-34F623F856BC}.Release|Any CPU.Build.0 = Release|Any CPU
		{5C99FD40-844E-4BD0-B1C0-88FFDDC65961}.Debug|Any CPU.ActiveCfg = Debug|Any CPU
		{5C99FD40-844E-4BD0-B1C0-88FFDDC65961}.Debug|Any CPU.Build.0 = Debug|Any CPU
		{5C99FD40-844E-4BD0-B1C0-88FFDDC65961}.Release|Any CPU.ActiveCfg = Release|Any CPU
		{5C99FD40-844E-4BD0-B1C0-88FFDDC65961}.Release|Any CPU.Build.0 = Release|Any CPU
	EndGlobalSection
	GlobalSection(SolutionProperties) = preSolution
		HideSolutionNode = FALSE
	EndGlobalSection
	GlobalSection(NestedProjects) = preSolution
		{32F38690-C6FF-4D33-9C7A-84963065240C} = {3A3AF48F-66CF-4234-9737-7E075AC97854}
		{EEE985FD-7463-4115-9DEF-90529F6BCDC5} = {32F38690-C6FF-4D33-9C7A-84963065240C}
		{5B1E0205-A685-402D-A9C5-52E51193D870} = {32F38690-C6FF-4D33-9C7A-84963065240C}
		{600364DC-399C-4BBA-B354-34F623F856BC} = {32F38690-C6FF-4D33-9C7A-84963065240C}
		{C7B7A5DE-28B4-44F3-A949-1DD271979E61} = {3A3AF48F-66CF-4234-9737-7E075AC97854}
		{5C99FD40-844E-4BD0-B1C0-88FFDDC65961} = {32F38690-C6FF-4D33-9C7A-84963065240C}
	EndGlobalSection
	GlobalSection(ExtensibilityGlobals) = postSolution
		SolutionGuid = {013ABA53-F0DF-4706-8106-0FA069C82488}
	EndGlobalSection
EndGlobal
