
Microsoft Visual Studio Solution File, Format Version 12.00
# Visual Studio Version 17
VisualStudioVersion = 17.10.34707.107
MinimumVisualStudioVersion = 10.0.40219.1
Project("{2150E333-8FDC-42A3-9474-1A3956D46DE8}") = "src", "src", "{3A3AF48F-66CF-4234-9737-7E075AC97854}"
EndProject
Project("{2150E333-8FDC-42A3-9474-1A3956D46DE8}") = "identity", "identity", "{32F38690-C6FF-4D33-9C7A-84963065240C}"
EndProject
Project("{9A19103F-16F7-4668-BE54-9A1E7A4F7556}") = "Rubik.Identity.Share.Entity", "src\identity\Rubik.Identity.Share.Entity\Rubik.Identity.Share.Entity.csproj", "{EEE985FD-7463-4115-9DEF-90529F6BCDC5}"
EndProject
Project("{9A19103F-16F7-4668-BE54-9A1E7A4F7556}") = "Rubik.Identity.Admin", "src\identity\Rubik.Identity.Admin\Rubik.Identity.Admin.csproj", "{5B1E0205-A685-402D-A9C5-52E51193D870}"
EndProject
Project("{9A19103F-16F7-4668-BE54-9A1E7A4F7556}") = "Rubik.Identity.AuthServer", "src\identity\Rubik.Identity.AuthServer\Rubik.Identity.AuthServer.csproj", "{600364DC-399C-4BBA-B354-34F623F856BC}"
EndProject
Project("{2150E333-8FDC-42A3-9474-1A3956D46DE8}") = "portal", "portal", "{C7B7A5DE-28B4-44F3-A949-1DD271979E61}"
EndProject
Project("{9A19103F-16F7-4668-BE54-9A1E7A4F7556}") = "Rubik.Identity.Share.Extension", "src\identity\Rubik.Identity.Share.Extension\Rubik.Identity.Share.Extension.csproj", "{5C99FD40-844E-4BD0-B1C0-88FFDDC65961}"
EndProject
Project("{2150E333-8FDC-42A3-9474-1A3956D46DE8}") = "share", "share", "{34DDFC94-870B-4F7B-8EF6-6165D4B9E7AD}"
EndProject
Project("{2150E333-8FDC-42A3-9474-1A3956D46DE8}") = "lowcode", "lowcode", "{BA860174-4A09-4015-A99C-CD4B324292ED}"
EndProject
Project("{9A19103F-16F7-4668-BE54-9A1E7A4F7556}") = "Rubik.LowCode.Host", "src\lowcode\Rubik.LowCode.Host\Rubik.LowCode.Host.csproj", "{D46E6994-C181-4A3E-AD2A-8D136A49FA9A}"
EndProject
Project("{9A19103F-16F7-4668-BE54-9A1E7A4F7556}") = "Rubik.LowCode.Service", "src\lowcode\Rubik.LowCode.Service\Rubik.LowCode.Service.csproj", "{3799E569-000A-4C2B-BFA6-F3C9B4B1F705}"
EndProject
Project("{9A19103F-16F7-4668-BE54-9A1E7A4F7556}") = "Rubik.LowCode.Share.Entity", "src\lowcode\Rubik.LowCode.Share.Entity\Rubik.LowCode.Share.Entity.csproj", "{1B637E52-9D58-426C-9C15-B8032AEE2E90}"
EndProject
Project("{9A19103F-16F7-4668-BE54-9A1E7A4F7556}") = "Rubik.Identity.FreesqlExtension", "src\share\Rubik.Share.Entity.FreesqlExtension\Rubik.Identity.FreesqlExtension.csproj", "{EBF511F7-F554-4A73-90FB-B20E9DC3BEBC}"
EndProject
Project("{9A19103F-16F7-4668-BE54-9A1E7A4F7556}") = "Rubik.Infrastructure.WebExtension", "src\share\Rubik.Share.Extension\Rubik.Infrastructure.WebExtension.csproj", "{F098E61E-805E-40F2-BA5F-27647E27022B}"
EndProject
Project("{9A19103F-16F7-4668-BE54-9A1E7A4F7556}") = "Rubik.LowCode.Admin", "src\lowcode\Rubik.LowCode.Admin\Rubik.LowCode.Admin.csproj", "{5FC80AC4-8577-481F-8DAA-D02ACA2B4281}"
EndProject
Project("{2150E333-8FDC-42A3-9474-1A3956D46DE8}") = "infrastructure", "infrastructure", "{D26B4B50-4B45-49A8-940B-74F86EF77265}"
EndProject
Project("{9A19103F-16F7-4668-BE54-9A1E7A4F7556}") = "Rubik.LowCode.Core", "src\lowcode\Rubik.LowCode.Core\Rubik.LowCode.Core.csproj", "{A15228AD-2085-4DCD-9A20-A2762C3FF604}"
EndProject
Project("{9A19103F-16F7-4668-BE54-9A1E7A4F7556}") = "Rubik.Infrastructure.Contract", "src\infrastructure\Rubik.Infrastructure.MessageContract\Rubik.Infrastructure.Contract.csproj", "{EE59BEC8-F7B8-4131-94FA-B81308E2B886}"
EndProject
Project("{9A19103F-16F7-4668-BE54-9A1E7A4F7556}") = "Rubik.Identity.UserIdentity", "src\infrastructure\Rubik.Infrastructure.OAuth\Rubik.Identity.UserIdentity.csproj", "{6F7BEF3A-8052-4BCE-BBFE-D6ED3E9DDD62}"
EndProject
Project("{9A19103F-16F7-4668-BE54-9A1E7A4F7556}") = "Rubik.Infrastructure.Dispatcher", "src\infrastructure\Rubik.Infrastructure.Dispatcher\Rubik.Infrastructure.Dispatcher.csproj", "{DA2C4D93-77C7-4B1A-BC5D-F86E2DCC8629}"
EndProject
Project("{2150E333-8FDC-42A3-9474-1A3956D46DE8}") = "logger", "logger", "{5BBFA59E-8EE5-4CF1-A308-AA898A302CFB}"
EndProject
Project("{9A19103F-16F7-4668-BE54-9A1E7A4F7556}") = "Rubik.Infrastructure.Logger.Extension", "src\infrastructure\logger\Rubik.Infrastructure.Logger.Extension\Rubik.Infrastructure.Logger.Extension.csproj", "{4A73987D-03DF-4D22-9CA2-C9F31D661196}"
EndProject
Project("{9A19103F-16F7-4668-BE54-9A1E7A4F7556}") = "Rubik.Infrastructure.Logger.File", "src\infrastructure\Rubik.Infrastructure.Logger.File\Rubik.Infrastructure.Logger.File.csproj", "{FB3129C8-1C05-49B2-AC85-788B32722003}"
EndProject
Project("{9A19103F-16F7-4668-BE54-9A1E7A4F7556}") = "Rubk.Infrastructure.Logger.WebMiddleware", "src\infrastructure\Rubk.Infrastructure.Logger.Middleware\Rubk.Infrastructure.Logger.WebMiddleware.csproj", "{84307C43-3E38-4539-A58C-F2755303B999}"
EndProject
Project("{9A19103F-16F7-4668-BE54-9A1E7A4F7556}") = "Rubik.Infrastructure.Orm.Freesql", "src\infrastructure\Rubik.Infrastructure.Orm.Freesql\Rubik.Infrastructure.Orm.Freesql.csproj", "{26EDA51F-D749-4076-B3BA-E79F3195E639}"
EndProject
Project("{2150E333-8FDC-42A3-9474-1A3956D46DE8}") = "utils", "utils", "{E7C61496-0D12-4AF8-9BAB-ED588D4A5F63}"
EndProject
Project("{9A19103F-16F7-4668-BE54-9A1E7A4F7556}") = "Rubik.Infrastructure.RequestClient", "src\infrastructure\Rubik.Infrastructure.RequestClient\Rubik.Infrastructure.RequestClient.csproj", "{F9B545D6-48CD-4A06-A16F-17A28BAFB041}"
EndProject
Project("{9A19103F-16F7-4668-BE54-9A1E7A4F7556}") = "Rubik.Infrastructure.Utils.Common", "src\Infrastructure\Rubik.Infrastructure.Utils.Common\Rubik.Infrastructure.Utils.Common.csproj", "{004FBE7B-66C5-4C59-BE1D-77A0FE604C30}"
EndProject
Project("{9A19103F-16F7-4668-BE54-9A1E7A4F7556}") = "Rubik.Identity.Oidc.Core", "src\identity\Rubik.Identity.Oidc.Server\Rubik.Identity.Oidc.Core.csproj", "{03FC863B-336B-428D-BDEE-5AD1A3001E7E}"
EndProject
Project("{2150E333-8FDC-42A3-9474-1A3956D46DE8}") = "identity_test", "identity_test", "{E8E558F9-169C-474F-8277-910C003CE8BA}"
EndProject
Project("{9A19103F-16F7-4668-BE54-9A1E7A4F7556}") = "MvcClient", "src\identity_test\MvcClient\MvcClient.csproj", "{BB541B5F-81AD-465B-BF55-F95088071239}"
EndProject
Project("{9A19103F-16F7-4668-BE54-9A1E7A4F7556}") = "JwtTest", "src\identity_test\JwtTest\JwtTest.csproj", "{534D1FB1-0B74-47AE-98EF-0020F41B8D22}"
EndProject
Project("{9A19103F-16F7-4668-BE54-9A1E7A4F7556}") = "Rubik.Identity.OidcReferenceAuthentication", "src\identity\Rubik.Identity.OidcReferenceAuthentication\Rubik.Identity.OidcReferenceAuthentication.csproj", "{67D63378-00FC-494A-B703-79B333C34254}"
EndProject
Project("{9A19103F-16F7-4668-BE54-9A1E7A4F7556}") = "BlazorServerTest", "src\identity_test\BlazorServerTest\BlazorServerTest.csproj", "{7A013CF9-8B17-4BB0-B605-8DF745B8FA90}"
EndProject
Project("{9A19103F-16F7-4668-BE54-9A1E7A4F7556}") = "BlazorWasmTest", "src\identity_test\BlazorWasmTest\BlazorWasmTest.csproj", "{D8194363-7638-4110-AA2B-2AD726155AE0}"
EndProject
Project("{FAE04EC0-301F-11D3-BF4B-00C04F79EFBC}") = "PasswordTest", "src\identity_test\PasswordTest\PasswordTest.csproj", "{7159D563-B88B-4607-A97E-4341B8EB0A13}"
EndProject
Project("{FAE04EC0-301F-11D3-BF4B-00C04F79EFBC}") = "Rubik.Infrastructure.Utils.ZipCompressor", "src\infrastructure\utils\Rubik.Infrastructure.Utils.ZipCompressor\Rubik.Infrastructure.Utils.ZipCompressor.csproj", "{0A0A705E-6CCD-406C-8DAF-0BBDBCA5B8F1}"
EndProject
Project("{54A90642-561A-4BB1-A94E-469ADEE60C69}") = "vuetstest", "src\identity_test\VueTsTest\vuetstest.esproj", "{E7874924-1730-8C34-1924-183D6D171137}"
EndProject
Project("{2150E333-8FDC-42A3-9474-1A3956D46DE8}") = "test", "test", "{02EA681E-C7D8-13C7-8484-4AC65E1B71E8}"
EndProject
Project("{2150E333-8FDC-42A3-9474-1A3956D46DE8}") = "files", "files", "{E0802B0A-4536-46EA-8A5E-3CC87F308868}"
	ProjectSection(SolutionItems) = preProject
		C:\Users\UserName\Desktop\admin.identity.sql = C:\Users\UserName\Desktop\admin.identity.sql
	EndProjectSection
EndProject
Global
	GlobalSection(SolutionConfigurationPlatforms) = preSolution
		Debug|Any CPU = Debug|Any CPU
		Release|Any CPU = Release|Any CPU
	EndGlobalSection
	GlobalSection(ProjectConfigurationPlatforms) = postSolution
		{EEE985FD-7463-4115-9DEF-90529F6BCDC5}.Debug|Any CPU.ActiveCfg = Debug|Any CPU
		{EEE985FD-7463-4115-9DEF-90529F6BCDC5}.Debug|Any CPU.Build.0 = Debug|Any CPU
		{EEE985FD-7463-4115-9DEF-90529F6BCDC5}.Release|Any CPU.ActiveCfg = Release|Any CPU
		{EEE985FD-7463-4115-9DEF-90529F6BCDC5}.Release|Any CPU.Build.0 = Release|Any CPU
		{5B1E0205-A685-402D-A9C5-52E51193D870}.Debug|Any CPU.ActiveCfg = Debug|Any CPU
		{5B1E0205-A685-402D-A9C5-52E51193D870}.Debug|Any CPU.Build.0 = Debug|Any CPU
		{5B1E0205-A685-402D-A9C5-52E51193D870}.Release|Any CPU.ActiveCfg = Release|Any CPU
		{5B1E0205-A685-402D-A9C5-52E51193D870}.Release|Any CPU.Build.0 = Release|Any CPU
		{600364DC-399C-4BBA-B354-34F623F856BC}.Debug|Any CPU.ActiveCfg = Debug|Any CPU
		{600364DC-399C-4BBA-B354-34F623F856BC}.Debug|Any CPU.Build.0 = Debug|Any CPU
		{600364DC-399C-4BBA-B354-34F623F856BC}.Release|Any CPU.ActiveCfg = Release|Any CPU
		{600364DC-399C-4BBA-B354-34F623F856BC}.Release|Any CPU.Build.0 = Release|Any CPU
		{5C99FD40-844E-4BD0-B1C0-88FFDDC65961}.Debug|Any CPU.ActiveCfg = Debug|Any CPU
		{5C99FD40-844E-4BD0-B1C0-88FFDDC65961}.Debug|Any CPU.Build.0 = Debug|Any CPU
		{5C99FD40-844E-4BD0-B1C0-88FFDDC65961}.Release|Any CPU.ActiveCfg = Release|Any CPU
		{5C99FD40-844E-4BD0-B1C0-88FFDDC65961}.Release|Any CPU.Build.0 = Release|Any CPU
		{D46E6994-C181-4A3E-AD2A-8D136A49FA9A}.Debug|Any CPU.ActiveCfg = Debug|Any CPU
		{D46E6994-C181-4A3E-AD2A-8D136A49FA9A}.Debug|Any CPU.Build.0 = Debug|Any CPU
		{D46E6994-C181-4A3E-AD2A-8D136A49FA9A}.Release|Any CPU.ActiveCfg = Release|Any CPU
		{D46E6994-C181-4A3E-AD2A-8D136A49FA9A}.Release|Any CPU.Build.0 = Release|Any CPU
		{3799E569-000A-4C2B-BFA6-F3C9B4B1F705}.Debug|Any CPU.ActiveCfg = Debug|Any CPU
		{3799E569-000A-4C2B-BFA6-F3C9B4B1F705}.Debug|Any CPU.Build.0 = Debug|Any CPU
		{3799E569-000A-4C2B-BFA6-F3C9B4B1F705}.Release|Any CPU.ActiveCfg = Release|Any CPU
		{3799E569-000A-4C2B-BFA6-F3C9B4B1F705}.Release|Any CPU.Build.0 = Release|Any CPU
		{1B637E52-9D58-426C-9C15-B8032AEE2E90}.Debug|Any CPU.ActiveCfg = Debug|Any CPU
		{1B637E52-9D58-426C-9C15-B8032AEE2E90}.Debug|Any CPU.Build.0 = Debug|Any CPU
		{1B637E52-9D58-426C-9C15-B8032AEE2E90}.Release|Any CPU.ActiveCfg = Release|Any CPU
		{1B637E52-9D58-426C-9C15-B8032AEE2E90}.Release|Any CPU.Build.0 = Release|Any CPU
		{EBF511F7-F554-4A73-90FB-B20E9DC3BEBC}.Debug|Any CPU.ActiveCfg = Debug|Any CPU
		{EBF511F7-F554-4A73-90FB-B20E9DC3BEBC}.Debug|Any CPU.Build.0 = Debug|Any CPU
		{EBF511F7-F554-4A73-90FB-B20E9DC3BEBC}.Release|Any CPU.ActiveCfg = Release|Any CPU
		{EBF511F7-F554-4A73-90FB-B20E9DC3BEBC}.Release|Any CPU.Build.0 = Release|Any CPU
		{F098E61E-805E-40F2-BA5F-27647E27022B}.Debug|Any CPU.ActiveCfg = Debug|Any CPU
		{F098E61E-805E-40F2-BA5F-27647E27022B}.Debug|Any CPU.Build.0 = Debug|Any CPU
		{F098E61E-805E-40F2-BA5F-27647E27022B}.Release|Any CPU.ActiveCfg = Release|Any CPU
		{F098E61E-805E-40F2-BA5F-27647E27022B}.Release|Any CPU.Build.0 = Release|Any CPU
		{5FC80AC4-8577-481F-8DAA-D02ACA2B4281}.Debug|Any CPU.ActiveCfg = Debug|Any CPU
		{5FC80AC4-8577-481F-8DAA-D02ACA2B4281}.Debug|Any CPU.Build.0 = Debug|Any CPU
		{5FC80AC4-8577-481F-8DAA-D02ACA2B4281}.Release|Any CPU.ActiveCfg = Release|Any CPU
		{5FC80AC4-8577-481F-8DAA-D02ACA2B4281}.Release|Any CPU.Build.0 = Release|Any CPU
		{A15228AD-2085-4DCD-9A20-A2762C3FF604}.Debug|Any CPU.ActiveCfg = Debug|Any CPU
		{A15228AD-2085-4DCD-9A20-A2762C3FF604}.Debug|Any CPU.Build.0 = Debug|Any CPU
		{A15228AD-2085-4DCD-9A20-A2762C3FF604}.Release|Any CPU.ActiveCfg = Release|Any CPU
		{A15228AD-2085-4DCD-9A20-A2762C3FF604}.Release|Any CPU.Build.0 = Release|Any CPU
		{EE59BEC8-F7B8-4131-94FA-B81308E2B886}.Debug|Any CPU.ActiveCfg = Debug|Any CPU
		{EE59BEC8-F7B8-4131-94FA-B81308E2B886}.Debug|Any CPU.Build.0 = Debug|Any CPU
		{EE59BEC8-F7B8-4131-94FA-B81308E2B886}.Release|Any CPU.ActiveCfg = Release|Any CPU
		{EE59BEC8-F7B8-4131-94FA-B81308E2B886}.Release|Any CPU.Build.0 = Release|Any CPU
		{6F7BEF3A-8052-4BCE-BBFE-D6ED3E9DDD62}.Debug|Any CPU.ActiveCfg = Debug|Any CPU
		{6F7BEF3A-8052-4BCE-BBFE-D6ED3E9DDD62}.Debug|Any CPU.Build.0 = Debug|Any CPU
		{6F7BEF3A-8052-4BCE-BBFE-D6ED3E9DDD62}.Release|Any CPU.ActiveCfg = Release|Any CPU
		{6F7BEF3A-8052-4BCE-BBFE-D6ED3E9DDD62}.Release|Any CPU.Build.0 = Release|Any CPU
		{DA2C4D93-77C7-4B1A-BC5D-F86E2DCC8629}.Debug|Any CPU.ActiveCfg = Debug|Any CPU
		{DA2C4D93-77C7-4B1A-BC5D-F86E2DCC8629}.Debug|Any CPU.Build.0 = Debug|Any CPU
		{DA2C4D93-77C7-4B1A-BC5D-F86E2DCC8629}.Release|Any CPU.ActiveCfg = Release|Any CPU
		{DA2C4D93-77C7-4B1A-BC5D-F86E2DCC8629}.Release|Any CPU.Build.0 = Release|Any CPU
		{4A73987D-03DF-4D22-9CA2-C9F31D661196}.Debug|Any CPU.ActiveCfg = Debug|Any CPU
		{4A73987D-03DF-4D22-9CA2-C9F31D661196}.Debug|Any CPU.Build.0 = Debug|Any CPU
		{4A73987D-03DF-4D22-9CA2-C9F31D661196}.Release|Any CPU.ActiveCfg = Release|Any CPU
		{4A73987D-03DF-4D22-9CA2-C9F31D661196}.Release|Any CPU.Build.0 = Release|Any CPU
		{FB3129C8-1C05-49B2-AC85-788B32722003}.Debug|Any CPU.ActiveCfg = Debug|Any CPU
		{FB3129C8-1C05-49B2-AC85-788B32722003}.Debug|Any CPU.Build.0 = Debug|Any CPU
		{FB3129C8-1C05-49B2-AC85-788B32722003}.Release|Any CPU.ActiveCfg = Release|Any CPU
		{FB3129C8-1C05-49B2-AC85-788B32722003}.Release|Any CPU.Build.0 = Release|Any CPU
		{84307C43-3E38-4539-A58C-F2755303B999}.Debug|Any CPU.ActiveCfg = Debug|Any CPU
		{84307C43-3E38-4539-A58C-F2755303B999}.Debug|Any CPU.Build.0 = Debug|Any CPU
		{84307C43-3E38-4539-A58C-F2755303B999}.Release|Any CPU.ActiveCfg = Release|Any CPU
		{84307C43-3E38-4539-A58C-F2755303B999}.Release|Any CPU.Build.0 = Release|Any CPU
		{26EDA51F-D749-4076-B3BA-E79F3195E639}.Debug|Any CPU.ActiveCfg = Debug|Any CPU
		{26EDA51F-D749-4076-B3BA-E79F3195E639}.Debug|Any CPU.Build.0 = Debug|Any CPU
		{26EDA51F-D749-4076-B3BA-E79F3195E639}.Release|Any CPU.ActiveCfg = Release|Any CPU
		{26EDA51F-D749-4076-B3BA-E79F3195E639}.Release|Any CPU.Build.0 = Release|Any CPU
		{F9B545D6-48CD-4A06-A16F-17A28BAFB041}.Debug|Any CPU.ActiveCfg = Debug|Any CPU
		{F9B545D6-48CD-4A06-A16F-17A28BAFB041}.Debug|Any CPU.Build.0 = Debug|Any CPU
		{F9B545D6-48CD-4A06-A16F-17A28BAFB041}.Release|Any CPU.ActiveCfg = Release|Any CPU
		{F9B545D6-48CD-4A06-A16F-17A28BAFB041}.Release|Any CPU.Build.0 = Release|Any CPU
		{004FBE7B-66C5-4C59-BE1D-77A0FE604C30}.Debug|Any CPU.ActiveCfg = Debug|Any CPU
		{004FBE7B-66C5-4C59-BE1D-77A0FE604C30}.Debug|Any CPU.Build.0 = Debug|Any CPU
		{004FBE7B-66C5-4C59-BE1D-77A0FE604C30}.Release|Any CPU.ActiveCfg = Release|Any CPU
		{004FBE7B-66C5-4C59-BE1D-77A0FE604C30}.Release|Any CPU.Build.0 = Release|Any CPU
		{03FC863B-336B-428D-BDEE-5AD1A3001E7E}.Debug|Any CPU.ActiveCfg = Debug|Any CPU
		{03FC863B-336B-428D-BDEE-5AD1A3001E7E}.Debug|Any CPU.Build.0 = Debug|Any CPU
		{03FC863B-336B-428D-BDEE-5AD1A3001E7E}.Release|Any CPU.ActiveCfg = Release|Any CPU
		{03FC863B-336B-428D-BDEE-5AD1A3001E7E}.Release|Any CPU.Build.0 = Release|Any CPU
		{BB541B5F-81AD-465B-BF55-F95088071239}.Debug|Any CPU.ActiveCfg = Debug|Any CPU
		{BB541B5F-81AD-465B-BF55-F95088071239}.Debug|Any CPU.Build.0 = Debug|Any CPU
		{BB541B5F-81AD-465B-BF55-F95088071239}.Release|Any CPU.ActiveCfg = Release|Any CPU
		{BB541B5F-81AD-465B-BF55-F95088071239}.Release|Any CPU.Build.0 = Release|Any CPU
		{534D1FB1-0B74-47AE-98EF-0020F41B8D22}.Debug|Any CPU.ActiveCfg = Debug|Any CPU
		{534D1FB1-0B74-47AE-98EF-0020F41B8D22}.Debug|Any CPU.Build.0 = Debug|Any CPU
		{534D1FB1-0B74-47AE-98EF-0020F41B8D22}.Release|Any CPU.ActiveCfg = Release|Any CPU
		{534D1FB1-0B74-47AE-98EF-0020F41B8D22}.Release|Any CPU.Build.0 = Release|Any CPU
		{67D63378-00FC-494A-B703-79B333C34254}.Debug|Any CPU.ActiveCfg = Debug|Any CPU
		{67D63378-00FC-494A-B703-79B333C34254}.Debug|Any CPU.Build.0 = Debug|Any CPU
		{67D63378-00FC-494A-B703-79B333C34254}.Release|Any CPU.ActiveCfg = Release|Any CPU
		{67D63378-00FC-494A-B703-79B333C34254}.Release|Any CPU.Build.0 = Release|Any CPU
		{7A013CF9-8B17-4BB0-B605-8DF745B8FA90}.Debug|Any CPU.ActiveCfg = Debug|Any CPU
		{7A013CF9-8B17-4BB0-B605-8DF745B8FA90}.Debug|Any CPU.Build.0 = Debug|Any CPU
		{7A013CF9-8B17-4BB0-B605-8DF745B8FA90}.Release|Any CPU.ActiveCfg = Release|Any CPU
		{7A013CF9-8B17-4BB0-B605-8DF745B8FA90}.Release|Any CPU.Build.0 = Release|Any CPU
		{D8194363-7638-4110-AA2B-2AD726155AE0}.Debug|Any CPU.ActiveCfg = Debug|Any CPU
		{D8194363-7638-4110-AA2B-2AD726155AE0}.Debug|Any CPU.Build.0 = Debug|Any CPU
		{D8194363-7638-4110-AA2B-2AD726155AE0}.Release|Any CPU.ActiveCfg = Release|Any CPU
		{D8194363-7638-4110-AA2B-2AD726155AE0}.Release|Any CPU.Build.0 = Release|Any CPU
		{7159D563-B88B-4607-A97E-4341B8EB0A13}.Debug|Any CPU.ActiveCfg = Debug|Any CPU
		{7159D563-B88B-4607-A97E-4341B8EB0A13}.Debug|Any CPU.Build.0 = Debug|Any CPU
		{7159D563-B88B-4607-A97E-4341B8EB0A13}.Release|Any CPU.ActiveCfg = Release|Any CPU
		{7159D563-B88B-4607-A97E-4341B8EB0A13}.Release|Any CPU.Build.0 = Release|Any CPU
		{0A0A705E-6CCD-406C-8DAF-0BBDBCA5B8F1}.Debug|Any CPU.ActiveCfg = Debug|Any CPU
		{0A0A705E-6CCD-406C-8DAF-0BBDBCA5B8F1}.Debug|Any CPU.Build.0 = Debug|Any CPU
		{0A0A705E-6CCD-406C-8DAF-0BBDBCA5B8F1}.Release|Any CPU.ActiveCfg = Release|Any CPU
		{0A0A705E-6CCD-406C-8DAF-0BBDBCA5B8F1}.Release|Any CPU.Build.0 = Release|Any CPU
		{E7874924-1730-8C34-1924-183D6D171137}.Debug|Any CPU.ActiveCfg = Debug|Any CPU
		{E7874924-1730-8C34-1924-183D6D171137}.Debug|Any CPU.Build.0 = Debug|Any CPU
		{E7874924-1730-8C34-1924-183D6D171137}.Debug|Any CPU.Deploy.0 = Debug|Any CPU
		{E7874924-1730-8C34-1924-183D6D171137}.Release|Any CPU.ActiveCfg = Release|Any CPU
		{E7874924-1730-8C34-1924-183D6D171137}.Release|Any CPU.Build.0 = Release|Any CPU
		{E7874924-1730-8C34-1924-183D6D171137}.Release|Any CPU.Deploy.0 = Release|Any CPU
	EndGlobalSection
	GlobalSection(SolutionProperties) = preSolution
		HideSolutionNode = FALSE
	EndGlobalSection
	GlobalSection(NestedProjects) = preSolution
		{32F38690-C6FF-4D33-9C7A-84963065240C} = {3A3AF48F-66CF-4234-9737-7E075AC97854}
		{EEE985FD-7463-4115-9DEF-90529F6BCDC5} = {32F38690-C6FF-4D33-9C7A-84963065240C}
		{5B1E0205-A685-402D-A9C5-52E51193D870} = {32F38690-C6FF-4D33-9C7A-84963065240C}
		{600364DC-399C-4BBA-B354-34F623F856BC} = {32F38690-C6FF-4D33-9C7A-84963065240C}
		{C7B7A5DE-28B4-44F3-A949-1DD271979E61} = {3A3AF48F-66CF-4234-9737-7E075AC97854}
		{5C99FD40-844E-4BD0-B1C0-88FFDDC65961} = {32F38690-C6FF-4D33-9C7A-84963065240C}
		{34DDFC94-870B-4F7B-8EF6-6165D4B9E7AD} = {3A3AF48F-66CF-4234-9737-7E075AC97854}
		{BA860174-4A09-4015-A99C-CD4B324292ED} = {3A3AF48F-66CF-4234-9737-7E075AC97854}
		{D46E6994-C181-4A3E-AD2A-8D136A49FA9A} = {BA860174-4A09-4015-A99C-CD4B324292ED}
		{3799E569-000A-4C2B-BFA6-F3C9B4B1F705} = {BA860174-4A09-4015-A99C-CD4B324292ED}
		{1B637E52-9D58-426C-9C15-B8032AEE2E90} = {BA860174-4A09-4015-A99C-CD4B324292ED}
		{EBF511F7-F554-4A73-90FB-B20E9DC3BEBC} = {32F38690-C6FF-4D33-9C7A-84963065240C}
		{F098E61E-805E-40F2-BA5F-27647E27022B} = {D26B4B50-4B45-49A8-940B-74F86EF77265}
		{5FC80AC4-8577-481F-8DAA-D02ACA2B4281} = {BA860174-4A09-4015-A99C-CD4B324292ED}
		{D26B4B50-4B45-49A8-940B-74F86EF77265} = {3A3AF48F-66CF-4234-9737-7E075AC97854}
		{A15228AD-2085-4DCD-9A20-A2762C3FF604} = {BA860174-4A09-4015-A99C-CD4B324292ED}
		{EE59BEC8-F7B8-4131-94FA-B81308E2B886} = {D26B4B50-4B45-49A8-940B-74F86EF77265}
		{6F7BEF3A-8052-4BCE-BBFE-D6ED3E9DDD62} = {32F38690-C6FF-4D33-9C7A-84963065240C}
		{DA2C4D93-77C7-4B1A-BC5D-F86E2DCC8629} = {D26B4B50-4B45-49A8-940B-74F86EF77265}
		{5BBFA59E-8EE5-4CF1-A308-AA898A302CFB} = {D26B4B50-4B45-49A8-940B-74F86EF77265}
		{4A73987D-03DF-4D22-9CA2-C9F31D661196} = {5BBFA59E-8EE5-4CF1-A308-AA898A302CFB}
		{FB3129C8-1C05-49B2-AC85-788B32722003} = {5BBFA59E-8EE5-4CF1-A308-AA898A302CFB}
		{84307C43-3E38-4539-A58C-F2755303B999} = {5BBFA59E-8EE5-4CF1-A308-AA898A302CFB}
		{26EDA51F-D749-4076-B3BA-E79F3195E639} = {D26B4B50-4B45-49A8-940B-74F86EF77265}
		{E7C61496-0D12-4AF8-9BAB-ED588D4A5F63} = {D26B4B50-4B45-49A8-940B-74F86EF77265}
		{F9B545D6-48CD-4A06-A16F-17A28BAFB041} = {D26B4B50-4B45-49A8-940B-74F86EF77265}
		{004FBE7B-66C5-4C59-BE1D-77A0FE604C30} = {E7C61496-0D12-4AF8-9BAB-ED588D4A5F63}
		{03FC863B-336B-428D-BDEE-5AD1A3001E7E} = {32F38690-C6FF-4D33-9C7A-84963065240C}
		{E8E558F9-169C-474F-8277-910C003CE8BA} = {02EA681E-C7D8-13C7-8484-4AC65E1B71E8}
		{BB541B5F-81AD-465B-BF55-F95088071239} = {E8E558F9-169C-474F-8277-910C003CE8BA}
		{534D1FB1-0B74-47AE-98EF-0020F41B8D22} = {E8E558F9-169C-474F-8277-910C003CE8BA}
		{67D63378-00FC-494A-B703-79B333C34254} = {32F38690-C6FF-4D33-9C7A-84963065240C}
		{7A013CF9-8B17-4BB0-B605-8DF745B8FA90} = {E8E558F9-169C-474F-8277-910C003CE8BA}
		{D8194363-7638-4110-AA2B-2AD726155AE0} = {E8E558F9-169C-474F-8277-910C003CE8BA}
		{7159D563-B88B-4607-A97E-4341B8EB0A13} = {E8E558F9-169C-474F-8277-910C003CE8BA}
		{0A0A705E-6CCD-406C-8DAF-0BBDBCA5B8F1} = {E7C61496-0D12-4AF8-9BAB-ED588D4A5F63}
		{E7874924-1730-8C34-1924-183D6D171137} = {E8E558F9-169C-474F-8277-910C003CE8BA}
	EndGlobalSection
	GlobalSection(ExtensibilityGlobals) = postSolution
		SolutionGuid = {013ABA53-F0DF-4706-8106-0FA069C82488}
	EndGlobalSection
EndGlobal
